
Microsoft Visual Studio Solution File, Format Version 12.00
# Visual Studio Version 17
VisualStudioVersion = 17.13.35825.156
MinimumVisualStudioVersion = 10.0.40219.1
Project("{FAE04EC0-301F-11D3-BF4B-00C04F79EFBC}") = "Directorio4F", "Directorio4F\Directorio4F.csproj", "{899B330B-989A-4BBE-87E6-046BC0FEE2A4}"
EndProject
Global
	GlobalSection(SolutionConfigurationPlatforms) = preSolution
		Debug|Any CPU = Debug|Any CPU
		Release|Any CPU = Release|Any CPU
	EndGlobalSection
	GlobalSection(ProjectConfigurationPlatforms) = postSolution
		{899B330B-989A-4BBE-87E6-046BC0FEE2A4}.Debug|Any CPU.ActiveCfg = Debug|Any CPU
		{899B330B-989A-4BBE-87E6-046BC0FEE2A4}.Debug|Any CPU.Build.0 = Debug|Any CPU
		{899B330B-989A-4BBE-87E6-046BC0FEE2A4}.Release|Any CPU.ActiveCfg = Release|Any CPU
		{899B330B-989A-4BBE-87E6-046BC0FEE2A4}.Release|Any CPU.Build.0 = Release|Any CPU
	EndGlobalSection
	GlobalSection(SolutionProperties) = preSolution
		HideSolutionNode = FALSE
	EndGlobalSection
	GlobalSection(ExtensibilityGlobals) = postSolution
		SolutionGuid = {511D293D-D71F-4858-8C55-00F3EA117F3E}
	EndGlobalSection
EndGlobal
